
Microsoft Visual Studio Solution File, Format Version 12.00
# Visual Studio Version 16
VisualStudioVersion = 16.0.31624.102
MinimumVisualStudioVersion = 10.0.40219.1
Project("{FAE04EC0-301F-11D3-BF4B-00C04F79EFBC}") = "FLRP", "FLRP.csproj", "{8D11C085-6C35-40BC-A438-C7D723E580DA}"
EndProject
Global
	GlobalSection(SolutionConfigurationPlatforms) = preSolution
		Debug|Any CPU = Debug|Any CPU
		Release|Any CPU = Release|Any CPU
	EndGlobalSection
	GlobalSection(ProjectConfigurationPlatforms) = postSolution
		{8D11C085-6C35-40BC-A438-C7D723E580DA}.Debug|Any CPU.ActiveCfg = Debug|Any CPU
		{8D11C085-6C35-40BC-A438-C7D723E580DA}.Debug|Any CPU.Build.0 = Debug|Any CPU
		{8D11C085-6C35-40BC-A438-C7D723E580DA}.Release|Any CPU.ActiveCfg = Release|Any CPU
		{8D11C085-6C35-40BC-A438-C7D723E580DA}.Release|Any CPU.Build.0 = Release|Any CPU
	EndGlobalSection
	GlobalSection(SolutionProperties) = preSolution
		HideSolutionNode = FALSE
	EndGlobalSection
	GlobalSection(ExtensibilityGlobals) = postSolution
		SolutionGuid = {3FC664E7-84AF-4537-A8A1-BB19F40E18D8}
	EndGlobalSection
EndGlobal
